{
  "name": "twice-call-wrapper",
  "version": "1.0.0",
  "lockfileVersion": 3,
  "requires": true,
  "packages": {
    "": {
      "name": "twice-call-wrapper",
      "version": "1.0.0",
      "license": "MIT",
      "dependencies": {
        "compose-function": "^3.0.3"
      }
    },
    "node_modules/arity-n": {
      "version": "1.0.4",
      "resolved": "https://registry.npmjs.org/arity-n/-/arity-n-1.0.4.tgz",
      "integrity": "sha512-fExL2kFDC1Q2DUOx3whE/9KoN66IzkY4b4zUHUBFM1ojEYjZZYDcUW3bek/ufGionX9giIKDC5redH2IlGqcQQ==",
      "license": "MIT"
    },
    "node_modules/compose-function": {
      "version": "3.0.3",
      "resolved": "https://registry.npmjs.org/compose-function/-/compose-function-3.0.3.tgz",
      "integrity": "sha512-xzhzTJ5eC+gmIzvZq+C3kCJHsp9os6tJkrigDRZclyGtOKINbZtE8n1Tzmeh32jW+BUDPbvZpibwvJHBLGMVwg==",
      "license": "MIT",
      "dependencies": {
        "arity-n": "^1.0.4"
      }
    }
  }
}
